// !$*UTF8*$!
{
	archiveVersion = 1;
	classes = {
	};
	objectVersion = 56;
	objects = {

/* Begin PBXBuildFile section */
		069C7E0F01C0133E9918CE51 /* Pods_white_reef.framework in Frameworks */ = {isa = PBXBuildFile; fileRef = 9308A1DB5CFFB174EA0E3FEA /* Pods_white_reef.framework */; };
		9F43CEF4295D982A00ABB3B0 /* AppDelegate.swift in Sources */ = {isa = PBXBuildFile; fileRef = 9F43CEF3295D982A00ABB3B0 /* AppDelegate.swift */; };
		9F43CEF6295D982A00ABB3B0 /* ContentView.swift in Sources */ = {isa = PBXBuildFile; fileRef = 9F43CEF5295D982A00ABB3B0 /* ContentView.swift */; };
		9F43CEFA295D982B00ABB3B0 /* Assets.xcassets in Resources */ = {isa = PBXBuildFile; fileRef = 9F43CEF9295D982B00ABB3B0 /* Assets.xcassets */; };
		9F43CEFD295D982B00ABB3B0 /* Preview Assets.xcassets in Resources */ = {isa = PBXBuildFile; fileRef = 9F43CEFC295D982B00ABB3B0 /* Preview Assets.xcassets */; };
		9F56425A29713C2200695A6D /* CollisionDetection.swift in Sources */ = {isa = PBXBuildFile; fileRef = 9F56425929713C2200695A6D /* CollisionDetection.swift */; };
		9F56425D297140DB00695A6D /* OrbitView.swift in Sources */ = {isa = PBXBuildFile; fileRef = 9F56425C297140DB00695A6D /* OrbitView.swift */; };
		9F56425F2972B71A00695A6D /* ObjectSheet.swift in Sources */ = {isa = PBXBuildFile; fileRef = 9F56425E2972B71A00695A6D /* ObjectSheet.swift */; };
		9F56426229737E3D00695A6D /* ObjectData.swift in Sources */ = {isa = PBXBuildFile; fileRef = 9F56426129737E3D00695A6D /* ObjectData.swift */; };
		9F56426429751EF300695A6D /* SaveAnchor.swift in Sources */ = {isa = PBXBuildFile; fileRef = 9F56426329751EF300695A6D /* SaveAnchor.swift */; };
		9FAD28FD2967D4A500C0C690 /* PersistanceView.swift in Sources */ = {isa = PBXBuildFile; fileRef = 9FAD28FC2967D4A500C0C690 /* PersistanceView.swift */; };
		9FAD28FF2967D5BF00C0C690 /* GeospatialView.swift in Sources */ = {isa = PBXBuildFile; fileRef = 9FAD28FE2967D5BF00C0C690 /* GeospatialView.swift */; };
		9FCD566E297A5F620003E4AC /* ARLocalView.swift in Sources */ = {isa = PBXBuildFile; fileRef = 9FCD566D297A5F620003E4AC /* ARLocalView.swift */; };
		9FD49020297A60FD00EFA001 /* ARVIewCapsule.swift in Sources */ = {isa = PBXBuildFile; fileRef = 9FD4901F297A60FD00EFA001 /* ARVIewCapsule.swift */; };
		9FD49022297A846900EFA001 /* LocalCoral.swift in Sources */ = {isa = PBXBuildFile; fileRef = 9FD49021297A846900EFA001 /* LocalCoral.swift */; };
		9FD9899D296FD6B9008008E6 /* GenerateTetrahedron.swift in Sources */ = {isa = PBXBuildFile; fileRef = 9FD9899C296FD6B9008008E6 /* GenerateTetrahedron.swift */; };
		9FD989A229704206008008E6 /* GenerateRandomObject.swift in Sources */ = {isa = PBXBuildFile; fileRef = 9FD989A129704206008008E6 /* GenerateRandomObject.swift */; };
		9FD989A429704304008008E6 /* Growth.swift in Sources */ = {isa = PBXBuildFile; fileRef = 9FD989A329704304008008E6 /* Growth.swift */; };
		9FD989A6297043B0008008E6 /* CalcCircumcenter.swift in Sources */ = {isa = PBXBuildFile; fileRef = 9FD989A5297043B0008008E6 /* CalcCircumcenter.swift */; };
		9FD989AB297044AB008008E6 /* symmetric_indefinite_general.swift in Sources */ = {isa = PBXBuildFile; fileRef = 9FD989A8297044AB008008E6 /* symmetric_indefinite_general.swift */; };
		9FD989AC297044AB008008E6 /* leastSquares_nonsquare.swift in Sources */ = {isa = PBXBuildFile; fileRef = 9FD989A9297044AB008008E6 /* leastSquares_nonsquare.swift */; };
		9FD989AD297044AB008008E6 /* isPositiveDefinite.swift in Sources */ = {isa = PBXBuildFile; fileRef = 9FD989AA297044AB008008E6 /* isPositiveDefinite.swift */; };
		9FD989AF29704560008008E6 /* RandomPointInHemiSphere.swift in Sources */ = {isa = PBXBuildFile; fileRef = 9FD989AE29704560008008E6 /* RandomPointInHemiSphere.swift */; };
		9FE08C382968427100665752 /* APIKey.swift in Sources */ = {isa = PBXBuildFile; fileRef = 9FE08C372968427100665752 /* APIKey.swift */; };
		9FEF2B9029607B9700EF759E /* Utilities.swift in Sources */ = {isa = PBXBuildFile; fileRef = 9FEF2B8F29607B9700EF759E /* Utilities.swift */; };
		9FFFCB862977A33100071897 /* ARPlaceView.swift in Sources */ = {isa = PBXBuildFile; fileRef = 9FFFCB852977A33100071897 /* ARPlaceView.swift */; };
/* End PBXBuildFile section */

/* Begin PBXFileReference section */
		63060890E5B2680F9473DB3C /* Pods-white reef.release.xcconfig */ = {isa = PBXFileReference; includeInIndex = 1; lastKnownFileType = text.xcconfig; name = "Pods-white reef.release.xcconfig"; path = "Target Support Files/Pods-white reef/Pods-white reef.release.xcconfig"; sourceTree = "<group>"; };
		9308A1DB5CFFB174EA0E3FEA /* Pods_white_reef.framework */ = {isa = PBXFileReference; explicitFileType = wrapper.framework; includeInIndex = 0; path = Pods_white_reef.framework; sourceTree = BUILT_PRODUCTS_DIR; };
		9F43CEF0295D982A00ABB3B0 /* white reef.app */ = {isa = PBXFileReference; explicitFileType = wrapper.application; includeInIndex = 0; path = "white reef.app"; sourceTree = BUILT_PRODUCTS_DIR; };
		9F43CEF3295D982A00ABB3B0 /* AppDelegate.swift */ = {isa = PBXFileReference; lastKnownFileType = sourcecode.swift; path = AppDelegate.swift; sourceTree = "<group>"; };
		9F43CEF5295D982A00ABB3B0 /* ContentView.swift */ = {isa = PBXFileReference; lastKnownFileType = sourcecode.swift; path = ContentView.swift; sourceTree = "<group>"; };
		9F43CEF9295D982B00ABB3B0 /* Assets.xcassets */ = {isa = PBXFileReference; lastKnownFileType = folder.assetcatalog; path = Assets.xcassets; sourceTree = "<group>"; };
		9F43CEFC295D982B00ABB3B0 /* Preview Assets.xcassets */ = {isa = PBXFileReference; lastKnownFileType = folder.assetcatalog; path = "Preview Assets.xcassets"; sourceTree = "<group>"; };
		9F56425929713C2200695A6D /* CollisionDetection.swift */ = {isa = PBXFileReference; lastKnownFileType = sourcecode.swift; path = CollisionDetection.swift; sourceTree = "<group>"; };
		9F56425C297140DB00695A6D /* OrbitView.swift */ = {isa = PBXFileReference; lastKnownFileType = sourcecode.swift; path = OrbitView.swift; sourceTree = "<group>"; };
		9F56425E2972B71A00695A6D /* ObjectSheet.swift */ = {isa = PBXFileReference; lastKnownFileType = sourcecode.swift; path = ObjectSheet.swift; sourceTree = "<group>"; };
		9F56426129737E3D00695A6D /* ObjectData.swift */ = {isa = PBXFileReference; lastKnownFileType = sourcecode.swift; path = ObjectData.swift; sourceTree = "<group>"; };
		9F56426329751EF300695A6D /* SaveAnchor.swift */ = {isa = PBXFileReference; lastKnownFileType = sourcecode.swift; path = SaveAnchor.swift; sourceTree = "<group>"; };
		9FAD28FC2967D4A500C0C690 /* PersistanceView.swift */ = {isa = PBXFileReference; lastKnownFileType = sourcecode.swift; path = PersistanceView.swift; sourceTree = "<group>"; };
		9FAD28FE2967D5BF00C0C690 /* GeospatialView.swift */ = {isa = PBXFileReference; lastKnownFileType = sourcecode.swift; path = GeospatialView.swift; sourceTree = "<group>"; };
		9FCD566D297A5F620003E4AC /* ARLocalView.swift */ = {isa = PBXFileReference; lastKnownFileType = sourcecode.swift; path = ARLocalView.swift; sourceTree = "<group>"; };
		9FD4901F297A60FD00EFA001 /* ARVIewCapsule.swift */ = {isa = PBXFileReference; lastKnownFileType = sourcecode.swift; path = ARVIewCapsule.swift; sourceTree = "<group>"; };
		9FD49021297A846900EFA001 /* LocalCoral.swift */ = {isa = PBXFileReference; lastKnownFileType = sourcecode.swift; path = LocalCoral.swift; sourceTree = "<group>"; };
		9FD9899C296FD6B9008008E6 /* GenerateTetrahedron.swift */ = {isa = PBXFileReference; lastKnownFileType = sourcecode.swift; path = GenerateTetrahedron.swift; sourceTree = "<group>"; };
		9FD989A129704206008008E6 /* GenerateRandomObject.swift */ = {isa = PBXFileReference; lastKnownFileType = sourcecode.swift; path = GenerateRandomObject.swift; sourceTree = "<group>"; };
		9FD989A329704304008008E6 /* Growth.swift */ = {isa = PBXFileReference; lastKnownFileType = sourcecode.swift; path = Growth.swift; sourceTree = "<group>"; };
		9FD989A5297043B0008008E6 /* CalcCircumcenter.swift */ = {isa = PBXFileReference; lastKnownFileType = sourcecode.swift; path = CalcCircumcenter.swift; sourceTree = "<group>"; };
		9FD989A8297044AB008008E6 /* symmetric_indefinite_general.swift */ = {isa = PBXFileReference; fileEncoding = 4; lastKnownFileType = sourcecode.swift; path = symmetric_indefinite_general.swift; sourceTree = "<group>"; };
		9FD989A9297044AB008008E6 /* leastSquares_nonsquare.swift */ = {isa = PBXFileReference; fileEncoding = 4; lastKnownFileType = sourcecode.swift; path = leastSquares_nonsquare.swift; sourceTree = "<group>"; };
		9FD989AA297044AB008008E6 /* isPositiveDefinite.swift */ = {isa = PBXFileReference; fileEncoding = 4; lastKnownFileType = sourcecode.swift; path = isPositiveDefinite.swift; sourceTree = "<group>"; };
		9FD989AE29704560008008E6 /* RandomPointInHemiSphere.swift */ = {isa = PBXFileReference; lastKnownFileType = sourcecode.swift; path = RandomPointInHemiSphere.swift; sourceTree = "<group>"; };
		9FE08C372968427100665752 /* APIKey.swift */ = {isa = PBXFileReference; lastKnownFileType = sourcecode.swift; path = APIKey.swift; sourceTree = "<group>"; };
		9FEF2B8F29607B9700EF759E /* Utilities.swift */ = {isa = PBXFileReference; lastKnownFileType = sourcecode.swift; path = Utilities.swift; sourceTree = "<group>"; };
		9FFFCB852977A33100071897 /* ARPlaceView.swift */ = {isa = PBXFileReference; lastKnownFileType = sourcecode.swift; path = ARPlaceView.swift; sourceTree = "<group>"; };
		AA02404073FC7D5BADBF99A1 /* Pods-white reef.debug.xcconfig */ = {isa = PBXFileReference; includeInIndex = 1; lastKnownFileType = text.xcconfig; name = "Pods-white reef.debug.xcconfig"; path = "Target Support Files/Pods-white reef/Pods-white reef.debug.xcconfig"; sourceTree = "<group>"; };
/* End PBXFileReference section */

/* Begin PBXFrameworksBuildPhase section */
		9F43CEED295D982A00ABB3B0 /* Frameworks */ = {
			isa = PBXFrameworksBuildPhase;
			buildActionMask = 2147483647;
			files = (
				069C7E0F01C0133E9918CE51 /* Pods_white_reef.framework in Frameworks */,
			);
			runOnlyForDeploymentPostprocessing = 0;
		};
/* End PBXFrameworksBuildPhase section */

/* Begin PBXGroup section */
		2942299F80A542BBCEF50A33 /* Pods */ = {
			isa = PBXGroup;
			children = (
				AA02404073FC7D5BADBF99A1 /* Pods-white reef.debug.xcconfig */,
				63060890E5B2680F9473DB3C /* Pods-white reef.release.xcconfig */,
			);
			path = Pods;
			sourceTree = "<group>";
		};
		4E98D27E7A992B3FF7C7449A /* Frameworks */ = {
			isa = PBXGroup;
			children = (
				9308A1DB5CFFB174EA0E3FEA /* Pods_white_reef.framework */,
			);
			name = Frameworks;
			sourceTree = "<group>";
		};
		9F43CEE7295D982A00ABB3B0 = {
			isa = PBXGroup;
			children = (
				9F43CEF2295D982A00ABB3B0 /* white reef */,
				9F43CEF1295D982A00ABB3B0 /* Products */,
				2942299F80A542BBCEF50A33 /* Pods */,
				4E98D27E7A992B3FF7C7449A /* Frameworks */,
			);
			sourceTree = "<group>";
		};
		9F43CEF1295D982A00ABB3B0 /* Products */ = {
			isa = PBXGroup;
			children = (
				9F43CEF0295D982A00ABB3B0 /* white reef.app */,
			);
			name = Products;
			sourceTree = "<group>";
		};
		9F43CEF2295D982A00ABB3B0 /* white reef */ = {
			isa = PBXGroup;
			children = (
				9F43CEF3295D982A00ABB3B0 /* AppDelegate.swift */,
				9F43CEF5295D982A00ABB3B0 /* ContentView.swift */,
				9F56425E2972B71A00695A6D /* ObjectSheet.swift */,
				9FAD28FC2967D4A500C0C690 /* PersistanceView.swift */,
				9FAD28FE2967D5BF00C0C690 /* GeospatialView.swift */,
				9FEF2B8F29607B9700EF759E /* Utilities.swift */,
				9FE08C372968427100665752 /* APIKey.swift */,
				9F43CEF9295D982B00ABB3B0 /* Assets.xcassets */,
				9FFFCB842977A2BA00071897 /* ARViews */,
				9F56425B2971406A00695A6D /* OrbitView */,
				9F56426029737E2500695A6D /* Model */,
				9FD9899B296FD684008008E6 /* RandomObject */,
				9F43CEFB295D982B00ABB3B0 /* Preview Content */,
			);
			path = "white reef";
			sourceTree = "<group>";
		};
		9F43CEFB295D982B00ABB3B0 /* Preview Content */ = {
			isa = PBXGroup;
			children = (
				9F43CEFC295D982B00ABB3B0 /* Preview Assets.xcassets */,
			);
			path = "Preview Content";
			sourceTree = "<group>";
		};
		9F56425B2971406A00695A6D /* OrbitView */ = {
			isa = PBXGroup;
			children = (
				9F56425C297140DB00695A6D /* OrbitView.swift */,
			);
			path = OrbitView;
			sourceTree = "<group>";
		};
		9F56426029737E2500695A6D /* Model */ = {
			isa = PBXGroup;
			children = (
				9F56426129737E3D00695A6D /* ObjectData.swift */,
				9F56426329751EF300695A6D /* SaveAnchor.swift */,
				9FD4901F297A60FD00EFA001 /* ARVIewCapsule.swift */,
				9FD49021297A846900EFA001 /* LocalCoral.swift */,
			);
			path = Model;
			sourceTree = "<group>";
		};
		9FD9899B296FD684008008E6 /* RandomObject */ = {
			isa = PBXGroup;
			children = (
				9FD989A129704206008008E6 /* GenerateRandomObject.swift */,
				9FD9899C296FD6B9008008E6 /* GenerateTetrahedron.swift */,
				9FD989A329704304008008E6 /* Growth.swift */,
				9FD989A5297043B0008008E6 /* CalcCircumcenter.swift */,
				9FD989AE29704560008008E6 /* RandomPointInHemiSphere.swift */,
				9F56425929713C2200695A6D /* CollisionDetection.swift */,
				9FD989A7297044AB008008E6 /* Accelerate-Linear-Solvers */,
			);
			path = RandomObject;
			sourceTree = "<group>";
		};
		9FD989A7297044AB008008E6 /* Accelerate-Linear-Solvers */ = {
			isa = PBXGroup;
			children = (
				9FD989A8297044AB008008E6 /* symmetric_indefinite_general.swift */,
				9FD989A9297044AB008008E6 /* leastSquares_nonsquare.swift */,
				9FD989AA297044AB008008E6 /* isPositiveDefinite.swift */,
			);
			path = "Accelerate-Linear-Solvers";
			sourceTree = "<group>";
		};
		9FFFCB842977A2BA00071897 /* ARViews */ = {
			isa = PBXGroup;
			children = (
				9FFFCB852977A33100071897 /* ARPlaceView.swift */,
				9FCD566D297A5F620003E4AC /* ARLocalView.swift */,
			);
			path = ARViews;
			sourceTree = "<group>";
		};
/* End PBXGroup section */

/* Begin PBXNativeTarget section */
		9F43CEEF295D982A00ABB3B0 /* white reef */ = {
			isa = PBXNativeTarget;
			buildConfigurationList = 9F43CF00295D982B00ABB3B0 /* Build configuration list for PBXNativeTarget "white reef" */;
			buildPhases = (
				0F18BB79BF507F58EE5582A9 /* [CP] Check Pods Manifest.lock */,
				9F43CEEC295D982A00ABB3B0 /* Sources */,
				9F43CEED295D982A00ABB3B0 /* Frameworks */,
				9F43CEEE295D982A00ABB3B0 /* Resources */,
				738C2097FA32FDA213DDC53C /* [CP] Embed Pods Frameworks */,
				37D09EDD88981874A18937F0 /* [CP] Copy Pods Resources */,
			);
			buildRules = (
			);
			dependencies = (
			);
			name = "white reef";
			productName = "white reef";
			productReference = 9F43CEF0295D982A00ABB3B0 /* white reef.app */;
			productType = "com.apple.product-type.application";
		};
/* End PBXNativeTarget section */

/* Begin PBXProject section */
		9F43CEE8295D982A00ABB3B0 /* Project object */ = {
			isa = PBXProject;
			attributes = {
				BuildIndependentTargetsInParallel = 1;
				LastSwiftUpdateCheck = 1420;
				LastUpgradeCheck = 1420;
				TargetAttributes = {
					9F43CEEF295D982A00ABB3B0 = {
						CreatedOnToolsVersion = 14.2;
					};
				};
			};
			buildConfigurationList = 9F43CEEB295D982A00ABB3B0 /* Build configuration list for PBXProject "white reef" */;
			compatibilityVersion = "Xcode 14.0";
			developmentRegion = en;
			hasScannedForEncodings = 0;
			knownRegions = (
				en,
				Base,
			);
			mainGroup = 9F43CEE7295D982A00ABB3B0;
			productRefGroup = 9F43CEF1295D982A00ABB3B0 /* Products */;
			projectDirPath = "";
			projectRoot = "";
			targets = (
				9F43CEEF295D982A00ABB3B0 /* white reef */,
			);
		};
/* End PBXProject section */

/* Begin PBXResourcesBuildPhase section */
		9F43CEEE295D982A00ABB3B0 /* Resources */ = {
			isa = PBXResourcesBuildPhase;
			buildActionMask = 2147483647;
			files = (
				9F43CEFD295D982B00ABB3B0 /* Preview Assets.xcassets in Resources */,
				9F43CEFA295D982B00ABB3B0 /* Assets.xcassets in Resources */,
			);
			runOnlyForDeploymentPostprocessing = 0;
		};
/* End PBXResourcesBuildPhase section */

/* Begin PBXShellScriptBuildPhase section */
		0F18BB79BF507F58EE5582A9 /* [CP] Check Pods Manifest.lock */ = {
			isa = PBXShellScriptBuildPhase;
			buildActionMask = 2147483647;
			files = (
			);
			inputFileListPaths = (
			);
			inputPaths = (
				"${PODS_PODFILE_DIR_PATH}/Podfile.lock",
				"${PODS_ROOT}/Manifest.lock",
			);
			name = "[CP] Check Pods Manifest.lock";
			outputFileListPaths = (
			);
			outputPaths = (
				"$(DERIVED_FILE_DIR)/Pods-white reef-checkManifestLockResult.txt",
			);
			runOnlyForDeploymentPostprocessing = 0;
			shellPath = /bin/sh;
			shellScript = "diff \"${PODS_PODFILE_DIR_PATH}/Podfile.lock\" \"${PODS_ROOT}/Manifest.lock\" > /dev/null\nif [ $? != 0 ] ; then\n    # print error to STDERR\n    echo \"error: The sandbox is not in sync with the Podfile.lock. Run 'pod install' or update your CocoaPods installation.\" >&2\n    exit 1\nfi\n# This output is used by Xcode 'outputs' to avoid re-running this script phase.\necho \"SUCCESS\" > \"${SCRIPT_OUTPUT_FILE_0}\"\n";
			showEnvVarsInLog = 0;
		};
		37D09EDD88981874A18937F0 /* [CP] Copy Pods Resources */ = {
			isa = PBXShellScriptBuildPhase;
			buildActionMask = 2147483647;
			files = (
			);
			inputFileListPaths = (
				"${PODS_ROOT}/Target Support Files/Pods-white reef/Pods-white reef-resources-${CONFIGURATION}-input-files.xcfilelist",
			);
			name = "[CP] Copy Pods Resources";
			outputFileListPaths = (
				"${PODS_ROOT}/Target Support Files/Pods-white reef/Pods-white reef-resources-${CONFIGURATION}-output-files.xcfilelist",
			);
			runOnlyForDeploymentPostprocessing = 0;
			shellPath = /bin/sh;
			shellScript = "\"${PODS_ROOT}/Target Support Files/Pods-white reef/Pods-white reef-resources.sh\"\n";
			showEnvVarsInLog = 0;
		};
		738C2097FA32FDA213DDC53C /* [CP] Embed Pods Frameworks */ = {
			isa = PBXShellScriptBuildPhase;
			buildActionMask = 2147483647;
			files = (
			);
			inputFileListPaths = (
				"${PODS_ROOT}/Target Support Files/Pods-white reef/Pods-white reef-frameworks-${CONFIGURATION}-input-files.xcfilelist",
			);
			name = "[CP] Embed Pods Frameworks";
			outputFileListPaths = (
				"${PODS_ROOT}/Target Support Files/Pods-white reef/Pods-white reef-frameworks-${CONFIGURATION}-output-files.xcfilelist",
			);
			runOnlyForDeploymentPostprocessing = 0;
			shellPath = /bin/sh;
			shellScript = "\"${PODS_ROOT}/Target Support Files/Pods-white reef/Pods-white reef-frameworks.sh\"\n";
			showEnvVarsInLog = 0;
		};
/* End PBXShellScriptBuildPhase section */

/* Begin PBXSourcesBuildPhase section */
		9F43CEEC295D982A00ABB3B0 /* Sources */ = {
			isa = PBXSourcesBuildPhase;
			buildActionMask = 2147483647;
			files = (
				9F56425F2972B71A00695A6D /* ObjectSheet.swift in Sources */,
				9F56426429751EF300695A6D /* SaveAnchor.swift in Sources */,
				9FCD566E297A5F620003E4AC /* ARLocalView.swift in Sources */,
				9FD989A429704304008008E6 /* Growth.swift in Sources */,
				9FD989AF29704560008008E6 /* RandomPointInHemiSphere.swift in Sources */,
				9F56425D297140DB00695A6D /* OrbitView.swift in Sources */,
				9FAD28FF2967D5BF00C0C690 /* GeospatialView.swift in Sources */,
				9FD49020297A60FD00EFA001 /* ARVIewCapsule.swift in Sources */,
				9FAD28FD2967D4A500C0C690 /* PersistanceView.swift in Sources */,
				9FD989A6297043B0008008E6 /* CalcCircumcenter.swift in Sources */,
				9FD989A229704206008008E6 /* GenerateRandomObject.swift in Sources */,
				9FEF2B9029607B9700EF759E /* Utilities.swift in Sources */,
				9FD9899D296FD6B9008008E6 /* GenerateTetrahedron.swift in Sources */,
				9F43CEF6295D982A00ABB3B0 /* ContentView.swift in Sources */,
				9FD989AB297044AB008008E6 /* symmetric_indefinite_general.swift in Sources */,
				9FD49022297A846900EFA001 /* LocalCoral.swift in Sources */,
				9FD989AD297044AB008008E6 /* isPositiveDefinite.swift in Sources */,
				9F56426229737E3D00695A6D /* ObjectData.swift in Sources */,
				9FD989AC297044AB008008E6 /* leastSquares_nonsquare.swift in Sources */,
				9FE08C382968427100665752 /* APIKey.swift in Sources */,
				9F56425A29713C2200695A6D /* CollisionDetection.swift in Sources */,
				9F43CEF4295D982A00ABB3B0 /* AppDelegate.swift in Sources */,
				9FFFCB862977A33100071897 /* ARPlaceView.swift in Sources */,
			);
			runOnlyForDeploymentPostprocessing = 0;
		};
/* End PBXSourcesBuildPhase section */

/* Begin XCBuildConfiguration section */
		9F43CEFE295D982B00ABB3B0 /* Debug */ = {
			isa = XCBuildConfiguration;
			buildSettings = {
				ALWAYS_SEARCH_USER_PATHS = NO;
				CLANG_ANALYZER_NONNULL = YES;
				CLANG_ANALYZER_NUMBER_OBJECT_CONVERSION = YES_AGGRESSIVE;
				CLANG_CXX_LANGUAGE_STANDARD = "gnu++20";
				CLANG_ENABLE_MODULES = YES;
				CLANG_ENABLE_OBJC_ARC = YES;
				CLANG_ENABLE_OBJC_WEAK = YES;
				CLANG_WARN_BLOCK_CAPTURE_AUTORELEASING = YES;
				CLANG_WARN_BOOL_CONVERSION = YES;
				CLANG_WARN_COMMA = YES;
				CLANG_WARN_CONSTANT_CONVERSION = YES;
				CLANG_WARN_DEPRECATED_OBJC_IMPLEMENTATIONS = YES;
				CLANG_WARN_DIRECT_OBJC_ISA_USAGE = YES_ERROR;
				CLANG_WARN_DOCUMENTATION_COMMENTS = YES;
				CLANG_WARN_EMPTY_BODY = YES;
				CLANG_WARN_ENUM_CONVERSION = YES;
				CLANG_WARN_INFINITE_RECURSION = YES;
				CLANG_WARN_INT_CONVERSION = YES;
				CLANG_WARN_NON_LITERAL_NULL_CONVERSION = YES;
				CLANG_WARN_OBJC_IMPLICIT_RETAIN_SELF = YES;
				CLANG_WARN_OBJC_LITERAL_CONVERSION = YES;
				CLANG_WARN_OBJC_ROOT_CLASS = YES_ERROR;
				CLANG_WARN_QUOTED_INCLUDE_IN_FRAMEWORK_HEADER = YES;
				CLANG_WARN_RANGE_LOOP_ANALYSIS = YES;
				CLANG_WARN_STRICT_PROTOTYPES = YES;
				CLANG_WARN_SUSPICIOUS_MOVE = YES;
				CLANG_WARN_UNGUARDED_AVAILABILITY = YES_AGGRESSIVE;
				CLANG_WARN_UNREACHABLE_CODE = YES;
				CLANG_WARN__DUPLICATE_METHOD_MATCH = YES;
				COPY_PHASE_STRIP = NO;
				DEBUG_INFORMATION_FORMAT = dwarf;
				ENABLE_STRICT_OBJC_MSGSEND = YES;
				ENABLE_TESTABILITY = YES;
				GCC_C_LANGUAGE_STANDARD = gnu11;
				GCC_DYNAMIC_NO_PIC = NO;
				GCC_NO_COMMON_BLOCKS = YES;
				GCC_OPTIMIZATION_LEVEL = 0;
				GCC_PREPROCESSOR_DEFINITIONS = (
					"DEBUG=1",
					"$(inherited)",
				);
				GCC_WARN_64_TO_32_BIT_CONVERSION = YES;
				GCC_WARN_ABOUT_RETURN_TYPE = YES_ERROR;
				GCC_WARN_UNDECLARED_SELECTOR = YES;
				GCC_WARN_UNINITIALIZED_AUTOS = YES_AGGRESSIVE;
				GCC_WARN_UNUSED_FUNCTION = YES;
				GCC_WARN_UNUSED_VARIABLE = YES;
				IPHONEOS_DEPLOYMENT_TARGET = 16.2;
				MTL_ENABLE_DEBUG_INFO = INCLUDE_SOURCE;
				MTL_FAST_MATH = YES;
				ONLY_ACTIVE_ARCH = YES;
				SDKROOT = iphoneos;
				SWIFT_ACTIVE_COMPILATION_CONDITIONS = DEBUG;
				SWIFT_OPTIMIZATION_LEVEL = "-Onone";
			};
			name = Debug;
		};
		9F43CEFF295D982B00ABB3B0 /* Release */ = {
			isa = XCBuildConfiguration;
			buildSettings = {
				ALWAYS_SEARCH_USER_PATHS = NO;
				CLANG_ANALYZER_NONNULL = YES;
				CLANG_ANALYZER_NUMBER_OBJECT_CONVERSION = YES_AGGRESSIVE;
				CLANG_CXX_LANGUAGE_STANDARD = "gnu++20";
				CLANG_ENABLE_MODULES = YES;
				CLANG_ENABLE_OBJC_ARC = YES;
				CLANG_ENABLE_OBJC_WEAK = YES;
				CLANG_WARN_BLOCK_CAPTURE_AUTORELEASING = YES;
				CLANG_WARN_BOOL_CONVERSION = YES;
				CLANG_WARN_COMMA = YES;
				CLANG_WARN_CONSTANT_CONVERSION = YES;
				CLANG_WARN_DEPRECATED_OBJC_IMPLEMENTATIONS = YES;
				CLANG_WARN_DIRECT_OBJC_ISA_USAGE = YES_ERROR;
				CLANG_WARN_DOCUMENTATION_COMMENTS = YES;
				CLANG_WARN_EMPTY_BODY = YES;
				CLANG_WARN_ENUM_CONVERSION = YES;
				CLANG_WARN_INFINITE_RECURSION = YES;
				CLANG_WARN_INT_CONVERSION = YES;
				CLANG_WARN_NON_LITERAL_NULL_CONVERSION = YES;
				CLANG_WARN_OBJC_IMPLICIT_RETAIN_SELF = YES;
				CLANG_WARN_OBJC_LITERAL_CONVERSION = YES;
				CLANG_WARN_OBJC_ROOT_CLASS = YES_ERROR;
				CLANG_WARN_QUOTED_INCLUDE_IN_FRAMEWORK_HEADER = YES;
				CLANG_WARN_RANGE_LOOP_ANALYSIS = YES;
				CLANG_WARN_STRICT_PROTOTYPES = YES;
				CLANG_WARN_SUSPICIOUS_MOVE = YES;
				CLANG_WARN_UNGUARDED_AVAILABILITY = YES_AGGRESSIVE;
				CLANG_WARN_UNREACHABLE_CODE = YES;
				CLANG_WARN__DUPLICATE_METHOD_MATCH = YES;
				COPY_PHASE_STRIP = NO;
				DEBUG_INFORMATION_FORMAT = "dwarf-with-dsym";
				ENABLE_NS_ASSERTIONS = NO;
				ENABLE_STRICT_OBJC_MSGSEND = YES;
				GCC_C_LANGUAGE_STANDARD = gnu11;
				GCC_NO_COMMON_BLOCKS = YES;
				GCC_WARN_64_TO_32_BIT_CONVERSION = YES;
				GCC_WARN_ABOUT_RETURN_TYPE = YES_ERROR;
				GCC_WARN_UNDECLARED_SELECTOR = YES;
				GCC_WARN_UNINITIALIZED_AUTOS = YES_AGGRESSIVE;
				GCC_WARN_UNUSED_FUNCTION = YES;
				GCC_WARN_UNUSED_VARIABLE = YES;
				IPHONEOS_DEPLOYMENT_TARGET = 16.2;
				MTL_ENABLE_DEBUG_INFO = NO;
				MTL_FAST_MATH = YES;
				SDKROOT = iphoneos;
				SWIFT_COMPILATION_MODE = wholemodule;
				SWIFT_OPTIMIZATION_LEVEL = "-O";
				VALIDATE_PRODUCT = YES;
			};
			name = Release;
		};
		9F43CF01295D982B00ABB3B0 /* Debug */ = {
			isa = XCBuildConfiguration;
			baseConfigurationReference = AA02404073FC7D5BADBF99A1 /* Pods-white reef.debug.xcconfig */;
			buildSettings = {
				ASSETCATALOG_COMPILER_APPICON_NAME = AppIcon;
				ASSETCATALOG_COMPILER_GLOBAL_ACCENT_COLOR_NAME = AccentColor;
				CODE_SIGN_STYLE = Automatic;
				CURRENT_PROJECT_VERSION = 1;
				DEVELOPMENT_ASSET_PATHS = "\"white reef/Preview Content\"";
				DEVELOPMENT_TEAM = RYRF347865;
				ENABLE_PREVIEWS = YES;
				GENERATE_INFOPLIST_FILE = YES;
				INFOPLIST_KEY_NSCameraUsageDescription = "";
				INFOPLIST_KEY_NSLocationWhenInUseUsageDescription = "位置情報が必要です";
				INFOPLIST_KEY_UIApplicationSupportsIndirectInputEvents = YES;
				INFOPLIST_KEY_UILaunchScreen_Generation = YES;
				INFOPLIST_KEY_UIRequiredDeviceCapabilities = arkit;
				INFOPLIST_KEY_UIStatusBarHidden = YES;
				INFOPLIST_KEY_UISupportedInterfaceOrientations_iPad = "UIInterfaceOrientationPortrait UIInterfaceOrientationPortraitUpsideDown UIInterfaceOrientationLandscapeLeft UIInterfaceOrientationLandscapeRight";
				INFOPLIST_KEY_UISupportedInterfaceOrientations_iPhone = "UIInterfaceOrientationPortrait UIInterfaceOrientationLandscapeLeft UIInterfaceOrientationLandscapeRight";
				IPHONEOS_DEPLOYMENT_TARGET = 16.0;
				LD_RUNPATH_SEARCH_PATHS = (
					"$(inherited)",
					"@executable_path/Frameworks",
				);
				MARKETING_VERSION = 1.0;
				PRODUCT_BUNDLE_IDENTIFIER = "com.tftf161107.white-reef";
				PRODUCT_NAME = "$(TARGET_NAME)";
				SWIFT_EMIT_LOC_STRINGS = YES;
				SWIFT_VERSION = 5.0;
				TARGETED_DEVICE_FAMILY = "1,2";
			};
			name = Debug;
		};
		9F43CF02295D982B00ABB3B0 /* Release */ = {
			isa = XCBuildConfiguration;
			baseConfigurationReference = 63060890E5B2680F9473DB3C /* Pods-white reef.release.xcconfig */;
			buildSettings = {
				ASSETCATALOG_COMPILER_APPICON_NAME = AppIcon;
				ASSETCATALOG_COMPILER_GLOBAL_ACCENT_COLOR_NAME = AccentColor;
				CODE_SIGN_STYLE = Automatic;
				CURRENT_PROJECT_VERSION = 1;
				DEVELOPMENT_ASSET_PATHS = "\"white reef/Preview Content\"";
				DEVELOPMENT_TEAM = RYRF347865;
				ENABLE_PREVIEWS = YES;
				GENERATE_INFOPLIST_FILE = YES;
				INFOPLIST_KEY_NSCameraUsageDescription = "";
				INFOPLIST_KEY_NSLocationWhenInUseUsageDescription = "位置情報が必要です";
				INFOPLIST_KEY_UIApplicationSupportsIndirectInputEvents = YES;
				INFOPLIST_KEY_UILaunchScreen_Generation = YES;
				INFOPLIST_KEY_UIRequiredDeviceCapabilities = arkit;
				INFOPLIST_KEY_UIStatusBarHidden = YES;
				INFOPLIST_KEY_UISupportedInterfaceOrientations_iPad = "UIInterfaceOrientationPortrait UIInterfaceOrientationPortraitUpsideDown UIInterfaceOrientationLandscapeLeft UIInterfaceOrientationLandscapeRight";
				INFOPLIST_KEY_UISupportedInterfaceOrientations_iPhone = "UIInterfaceOrientationPortrait UIInterfaceOrientationLandscapeLeft UIInterfaceOrientationLandscapeRight";
				IPHONEOS_DEPLOYMENT_TARGET = 16.0;
				LD_RUNPATH_SEARCH_PATHS = (
					"$(inherited)",
					"@executable_path/Frameworks",
				);
				MARKETING_VERSION = 1.0;
				PRODUCT_BUNDLE_IDENTIFIER = "com.tftf161107.white-reef";
				PRODUCT_NAME = "$(TARGET_NAME)";
				SWIFT_EMIT_LOC_STRINGS = YES;
				SWIFT_VERSION = 5.0;
				TARGETED_DEVICE_FAMILY = "1,2";
			};
			name = Release;
		};
/* End XCBuildConfiguration section */

/* Begin XCConfigurationList section */
		9F43CEEB295D982A00ABB3B0 /* Build configuration list for PBXProject "white reef" */ = {
			isa = XCConfigurationList;
			buildConfigurations = (
				9F43CEFE295D982B00ABB3B0 /* Debug */,
				9F43CEFF295D982B00ABB3B0 /* Release */,
			);
			defaultConfigurationIsVisible = 0;
			defaultConfigurationName = Release;
		};
		9F43CF00295D982B00ABB3B0 /* Build configuration list for PBXNativeTarget "white reef" */ = {
			isa = XCConfigurationList;
			buildConfigurations = (
				9F43CF01295D982B00ABB3B0 /* Debug */,
				9F43CF02295D982B00ABB3B0 /* Release */,
			);
			defaultConfigurationIsVisible = 0;
			defaultConfigurationName = Release;
		};
/* End XCConfigurationList section */
	};
	rootObject = 9F43CEE8295D982A00ABB3B0 /* Project object */;
}
